// !$*UTF8*$!
{
	archiveVersion = 1;
	classes = {
	};
	objectVersion = 46;
	objects = {

/* Begin PBXBuildFile section */
		469434D31B2DFB9B00717AD2 /* DBFPermissionsManager.m in Sources */ = {isa = PBXBuildFile; fileRef = 469434D21B2DFB9B00717AD2 /* DBFPermissionsManager.m */; };
		469729E81B232BD700CBA667 /* main.m in Sources */ = {isa = PBXBuildFile; fileRef = 469729E71B232BD700CBA667 /* main.m */; };
		469729EB1B232BD700CBA667 /* DBFAppDelegate.m in Sources */ = {isa = PBXBuildFile; fileRef = 469729EA1B232BD700CBA667 /* DBFAppDelegate.m */; };
		469729EE1B232BD700CBA667 /* DrunkenBugfixes.xcdatamodeld in Sources */ = {isa = PBXBuildFile; fileRef = 469729EC1B232BD700CBA667 /* DrunkenBugfixes.xcdatamodeld */; };
		469729F11B232BD700CBA667 /* DBFMainViewController.m in Sources */ = {isa = PBXBuildFile; fileRef = 469729F01B232BD700CBA667 /* DBFMainViewController.m */; };
		469729F41B232BD700CBA667 /* Main.storyboard in Resources */ = {isa = PBXBuildFile; fileRef = 469729F21B232BD700CBA667 /* Main.storyboard */; };
		469729F61B232BD700CBA667 /* Images.xcassets in Resources */ = {isa = PBXBuildFile; fileRef = 469729F51B232BD700CBA667 /* Images.xcassets */; };
		469729F91B232BD700CBA667 /* LaunchScreen.xib in Resources */ = {isa = PBXBuildFile; fileRef = 469729F71B232BD700CBA667 /* LaunchScreen.xib */; };
		46972A051B232BD700CBA667 /* DrunkenBugfixesTests.m in Sources */ = {isa = PBXBuildFile; fileRef = 46972A041B232BD700CBA667 /* DrunkenBugfixesTests.m */; };
		46BDAA441B32A26500162725 /* DBFCaptureSessionMovieFileOutputManager.m in Sources */ = {isa = PBXBuildFile; fileRef = 46BDAA431B32A26500162725 /* DBFCaptureSessionMovieFileOutputManager.m */; };
		46BDAA471B32A44000162725 /* DBFFileManager.m in Sources */ = {isa = PBXBuildFile; fileRef = 46BDAA461B32A44000162725 /* DBFFileManager.m */; };
		46DC0B1A1B2E28A100073ADB /* DBFVideoCaptureViewController.m in Sources */ = {isa = PBXBuildFile; fileRef = 46DC0B191B2E28A100073ADB /* DBFVideoCaptureViewController.m */; };
		46DC0B1E1B2E30BB00073ADB /* DBFCaptureSessionManager.m in Sources */ = {isa = PBXBuildFile; fileRef = 46DC0B1D1B2E30BB00073ADB /* DBFCaptureSessionManager.m */; };
/* End PBXBuildFile section */

/* Begin PBXContainerItemProxy section */
		469729FF1B232BD700CBA667 /* PBXContainerItemProxy */ = {
			isa = PBXContainerItemProxy;
			containerPortal = 469729DA1B232BD700CBA667 /* Project object */;
			proxyType = 1;
			remoteGlobalIDString = 469729E11B232BD700CBA667;
			remoteInfo = DrunkenBugfixes;
		};
/* End PBXContainerItemProxy section */

/* Begin PBXFileReference section */
		469434D11B2DFB9B00717AD2 /* DBFPermissionsManager.h */ = {isa = PBXFileReference; fileEncoding = 4; lastKnownFileType = sourcecode.c.h; name = DBFPermissionsManager.h; path = Utilities/DBFPermissionsManager.h; sourceTree = "<group>"; };
		469434D21B2DFB9B00717AD2 /* DBFPermissionsManager.m */ = {isa = PBXFileReference; fileEncoding = 4; lastKnownFileType = sourcecode.c.objc; name = DBFPermissionsManager.m; path = Utilities/DBFPermissionsManager.m; sourceTree = "<group>"; };
		469729E21B232BD700CBA667 /* DrunkenBugfixes.app */ = {isa = PBXFileReference; explicitFileType = wrapper.application; includeInIndex = 0; path = DrunkenBugfixes.app; sourceTree = BUILT_PRODUCTS_DIR; };
		469729E61B232BD700CBA667 /* Info.plist */ = {isa = PBXFileReference; lastKnownFileType = text.plist.xml; path = Info.plist; sourceTree = "<group>"; };
		469729E71B232BD700CBA667 /* main.m */ = {isa = PBXFileReference; lastKnownFileType = sourcecode.c.objc; path = main.m; sourceTree = "<group>"; };
		469729E91B232BD700CBA667 /* DBFAppDelegate.h */ = {isa = PBXFileReference; lastKnownFileType = sourcecode.c.h; path = DBFAppDelegate.h; sourceTree = "<group>"; };
		469729EA1B232BD700CBA667 /* DBFAppDelegate.m */ = {isa = PBXFileReference; lastKnownFileType = sourcecode.c.objc; path = DBFAppDelegate.m; sourceTree = "<group>"; };
		469729ED1B232BD700CBA667 /* DrunkenBugfixes.xcdatamodel */ = {isa = PBXFileReference; lastKnownFileType = wrapper.xcdatamodel; path = DrunkenBugfixes.xcdatamodel; sourceTree = "<group>"; };
		469729EF1B232BD700CBA667 /* DBFMainViewController.h */ = {isa = PBXFileReference; lastKnownFileType = sourcecode.c.h; path = DBFMainViewController.h; sourceTree = "<group>"; };
		469729F01B232BD700CBA667 /* DBFMainViewController.m */ = {isa = PBXFileReference; lastKnownFileType = sourcecode.c.objc; path = DBFMainViewController.m; sourceTree = "<group>"; };
		469729F31B232BD700CBA667 /* Base */ = {isa = PBXFileReference; lastKnownFileType = file.storyboard; name = Base; path = Base.lproj/Main.storyboard; sourceTree = "<group>"; };
		469729F51B232BD700CBA667 /* Images.xcassets */ = {isa = PBXFileReference; lastKnownFileType = folder.assetcatalog; path = Images.xcassets; sourceTree = "<group>"; };
		469729F81B232BD700CBA667 /* Base */ = {isa = PBXFileReference; lastKnownFileType = file.xib; name = Base; path = Base.lproj/LaunchScreen.xib; sourceTree = "<group>"; };
		469729FE1B232BD700CBA667 /* DrunkenBugfixesTests.xctest */ = {isa = PBXFileReference; explicitFileType = wrapper.cfbundle; includeInIndex = 0; path = DrunkenBugfixesTests.xctest; sourceTree = BUILT_PRODUCTS_DIR; };
		46972A031B232BD700CBA667 /* Info.plist */ = {isa = PBXFileReference; lastKnownFileType = text.plist.xml; path = Info.plist; sourceTree = "<group>"; };
		46972A041B232BD700CBA667 /* DrunkenBugfixesTests.m */ = {isa = PBXFileReference; lastKnownFileType = sourcecode.c.objc; path = DrunkenBugfixesTests.m; sourceTree = "<group>"; };
		46BDAA421B32A26500162725 /* DBFCaptureSessionMovieFileOutputManager.h */ = {isa = PBXFileReference; fileEncoding = 4; lastKnownFileType = sourcecode.c.h; name = DBFCaptureSessionMovieFileOutputManager.h; path = AVFoundation/DBFCaptureSessionMovieFileOutputManager.h; sourceTree = "<group>"; };
		46BDAA431B32A26500162725 /* DBFCaptureSessionMovieFileOutputManager.m */ = {isa = PBXFileReference; fileEncoding = 4; lastKnownFileType = sourcecode.c.objc; name = DBFCaptureSessionMovieFileOutputManager.m; path = AVFoundation/DBFCaptureSessionMovieFileOutputManager.m; sourceTree = "<group>"; };
		46BDAA451B32A44000162725 /* DBFFileManager.h */ = {isa = PBXFileReference; fileEncoding = 4; lastKnownFileType = sourcecode.c.h; name = DBFFileManager.h; path = Utilities/DBFFileManager.h; sourceTree = "<group>"; };
		46BDAA461B32A44000162725 /* DBFFileManager.m */ = {isa = PBXFileReference; fileEncoding = 4; lastKnownFileType = sourcecode.c.objc; name = DBFFileManager.m; path = Utilities/DBFFileManager.m; sourceTree = "<group>"; };
		46DC0B181B2E28A100073ADB /* DBFVideoCaptureViewController.h */ = {isa = PBXFileReference; fileEncoding = 4; lastKnownFileType = sourcecode.c.h; path = DBFVideoCaptureViewController.h; sourceTree = "<group>"; };
		46DC0B191B2E28A100073ADB /* DBFVideoCaptureViewController.m */ = {isa = PBXFileReference; fileEncoding = 4; lastKnownFileType = sourcecode.c.objc; path = DBFVideoCaptureViewController.m; sourceTree = "<group>"; };
		46DC0B1C1B2E30BB00073ADB /* DBFCaptureSessionManager.h */ = {isa = PBXFileReference; fileEncoding = 4; lastKnownFileType = sourcecode.c.h; name = DBFCaptureSessionManager.h; path = AVFoundation/DBFCaptureSessionManager.h; sourceTree = "<group>"; };
		46DC0B1D1B2E30BB00073ADB /* DBFCaptureSessionManager.m */ = {isa = PBXFileReference; fileEncoding = 4; lastKnownFileType = sourcecode.c.objc; name = DBFCaptureSessionManager.m; path = AVFoundation/DBFCaptureSessionManager.m; sourceTree = "<group>"; };
/* End PBXFileReference section */

/* Begin PBXFrameworksBuildPhase section */
		469729DF1B232BD700CBA667 /* Frameworks */ = {
			isa = PBXFrameworksBuildPhase;
			buildActionMask = 2147483647;
			files = (
			);
			runOnlyForDeploymentPostprocessing = 0;
		};
		469729FB1B232BD700CBA667 /* Frameworks */ = {
			isa = PBXFrameworksBuildPhase;
			buildActionMask = 2147483647;
			files = (
			);
			runOnlyForDeploymentPostprocessing = 0;
		};
/* End PBXFrameworksBuildPhase section */

/* Begin PBXGroup section */
		469434D41B2DFBA900717AD2 /* Utilities */ = {
			isa = PBXGroup;
			children = (
				469434D11B2DFB9B00717AD2 /* DBFPermissionsManager.h */,
				469434D21B2DFB9B00717AD2 /* DBFPermissionsManager.m */,
				46BDAA451B32A44000162725 /* DBFFileManager.h */,
				46BDAA461B32A44000162725 /* DBFFileManager.m */,
			);
			name = Utilities;
			sourceTree = "<group>";
		};
		469729D91B232BD700CBA667 = {
			isa = PBXGroup;
			children = (
				469729E41B232BD700CBA667 /* DrunkenBugfixes */,
				46972A011B232BD700CBA667 /* DrunkenBugfixesTests */,
				469729E31B232BD700CBA667 /* Products */,
			);
			sourceTree = "<group>";
		};
		469729E31B232BD700CBA667 /* Products */ = {
			isa = PBXGroup;
			children = (
				469729E21B232BD700CBA667 /* DrunkenBugfixes.app */,
				469729FE1B232BD700CBA667 /* DrunkenBugfixesTests.xctest */,
			);
			name = Products;
			sourceTree = "<group>";
		};
		469729E41B232BD700CBA667 /* DrunkenBugfixes */ = {
			isa = PBXGroup;
			children = (
				46DC0B1B1B2E306300073ADB /* AVFoundation */,
				469434D41B2DFBA900717AD2 /* Utilities */,
				469729E91B232BD700CBA667 /* DBFAppDelegate.h */,
				469729EA1B232BD700CBA667 /* DBFAppDelegate.m */,
				469729EF1B232BD700CBA667 /* DBFMainViewController.h */,
				469729F01B232BD700CBA667 /* DBFMainViewController.m */,
				46DC0B181B2E28A100073ADB /* DBFVideoCaptureViewController.h */,
				46DC0B191B2E28A100073ADB /* DBFVideoCaptureViewController.m */,
				469729F21B232BD700CBA667 /* Main.storyboard */,
				469729F51B232BD700CBA667 /* Images.xcassets */,
				469729F71B232BD700CBA667 /* LaunchScreen.xib */,
				469729EC1B232BD700CBA667 /* DrunkenBugfixes.xcdatamodeld */,
				469729E51B232BD700CBA667 /* Supporting Files */,
			);
			path = DrunkenBugfixes;
			sourceTree = "<group>";
		};
		469729E51B232BD700CBA667 /* Supporting Files */ = {
			isa = PBXGroup;
			children = (
				469729E61B232BD700CBA667 /* Info.plist */,
				469729E71B232BD700CBA667 /* main.m */,
			);
			name = "Supporting Files";
			sourceTree = "<group>";
		};
		46972A011B232BD700CBA667 /* DrunkenBugfixesTests */ = {
			isa = PBXGroup;
			children = (
				46972A041B232BD700CBA667 /* DrunkenBugfixesTests.m */,
				46972A021B232BD700CBA667 /* Supporting Files */,
			);
			path = DrunkenBugfixesTests;
			sourceTree = "<group>";
		};
		46972A021B232BD700CBA667 /* Supporting Files */ = {
			isa = PBXGroup;
			children = (
				46972A031B232BD700CBA667 /* Info.plist */,
			);
			name = "Supporting Files";
			sourceTree = "<group>";
		};
		46DC0B1B1B2E306300073ADB /* AVFoundation */ = {
			isa = PBXGroup;
			children = (
				46DC0B1C1B2E30BB00073ADB /* DBFCaptureSessionManager.h */,
				46DC0B1D1B2E30BB00073ADB /* DBFCaptureSessionManager.m */,
				46BDAA421B32A26500162725 /* DBFCaptureSessionMovieFileOutputManager.h */,
				46BDAA431B32A26500162725 /* DBFCaptureSessionMovieFileOutputManager.m */,
			);
			name = AVFoundation;
			sourceTree = "<group>";
		};
/* End PBXGroup section */

/* Begin PBXNativeTarget section */
		469729E11B232BD700CBA667 /* DrunkenBugfixes */ = {
			isa = PBXNativeTarget;
			buildConfigurationList = 46972A081B232BD700CBA667 /* Build configuration list for PBXNativeTarget "DrunkenBugfixes" */;
			buildPhases = (
				469729DE1B232BD700CBA667 /* Sources */,
				469729DF1B232BD700CBA667 /* Frameworks */,
				469729E01B232BD700CBA667 /* Resources */,
			);
			buildRules = (
			);
			dependencies = (
			);
			name = DrunkenBugfixes;
			productName = DrunkenBugfixes;
			productReference = 469729E21B232BD700CBA667 /* DrunkenBugfixes.app */;
			productType = "com.apple.product-type.application";
		};
		469729FD1B232BD700CBA667 /* DrunkenBugfixesTests */ = {
			isa = PBXNativeTarget;
			buildConfigurationList = 46972A0B1B232BD700CBA667 /* Build configuration list for PBXNativeTarget "DrunkenBugfixesTests" */;
			buildPhases = (
				469729FA1B232BD700CBA667 /* Sources */,
				469729FB1B232BD700CBA667 /* Frameworks */,
				469729FC1B232BD700CBA667 /* Resources */,
			);
			buildRules = (
			);
			dependencies = (
				46972A001B232BD700CBA667 /* PBXTargetDependency */,
			);
			name = DrunkenBugfixesTests;
			productName = DrunkenBugfixesTests;
			productReference = 469729FE1B232BD700CBA667 /* DrunkenBugfixesTests.xctest */;
			productType = "com.apple.product-type.bundle.unit-test";
		};
/* End PBXNativeTarget section */

/* Begin PBXProject section */
		469729DA1B232BD700CBA667 /* Project object */ = {
			isa = PBXProject;
			attributes = {
				LastUpgradeCheck = 0620;
				ORGANIZATIONNAME = "Sergey Dunets";
				TargetAttributes = {
					469729E11B232BD700CBA667 = {
						CreatedOnToolsVersion = 6.2;
					};
					469729FD1B232BD700CBA667 = {
						CreatedOnToolsVersion = 6.2;
						TestTargetID = 469729E11B232BD700CBA667;
					};
				};
			};
			buildConfigurationList = 469729DD1B232BD700CBA667 /* Build configuration list for PBXProject "DrunkenBugfixes" */;
			compatibilityVersion = "Xcode 3.2";
			developmentRegion = English;
			hasScannedForEncodings = 0;
			knownRegions = (
				en,
				Base,
			);
			mainGroup = 469729D91B232BD700CBA667;
			productRefGroup = 469729E31B232BD700CBA667 /* Products */;
			projectDirPath = "";
			projectRoot = "";
			targets = (
				469729E11B232BD700CBA667 /* DrunkenBugfixes */,
				469729FD1B232BD700CBA667 /* DrunkenBugfixesTests */,
			);
		};
/* End PBXProject section */

/* Begin PBXResourcesBuildPhase section */
		469729E01B232BD700CBA667 /* Resources */ = {
			isa = PBXResourcesBuildPhase;
			buildActionMask = 2147483647;
			files = (
				469729F41B232BD700CBA667 /* Main.storyboard in Resources */,
				469729F91B232BD700CBA667 /* LaunchScreen.xib in Resources */,
				469729F61B232BD700CBA667 /* Images.xcassets in Resources */,
			);
			runOnlyForDeploymentPostprocessing = 0;
		};
		469729FC1B232BD700CBA667 /* Resources */ = {
			isa = PBXResourcesBuildPhase;
			buildActionMask = 2147483647;
			files = (
			);
			runOnlyForDeploymentPostprocessing = 0;
		};
/* End PBXResourcesBuildPhase section */

/* Begin PBXSourcesBuildPhase section */
		469729DE1B232BD700CBA667 /* Sources */ = {
			isa = PBXSourcesBuildPhase;
			buildActionMask = 2147483647;
			files = (
				469729EE1B232BD700CBA667 /* DrunkenBugfixes.xcdatamodeld in Sources */,
				469729EB1B232BD700CBA667 /* DBFAppDelegate.m in Sources */,
				469729F11B232BD700CBA667 /* DBFMainViewController.m in Sources */,
				469434D31B2DFB9B00717AD2 /* DBFPermissionsManager.m in Sources */,
				46BDAA441B32A26500162725 /* DBFCaptureSessionMovieFileOutputManager.m in Sources */,
				46DC0B1A1B2E28A100073ADB /* DBFVideoCaptureViewController.m in Sources */,
				46DC0B1E1B2E30BB00073ADB /* DBFCaptureSessionManager.m in Sources */,
				46BDAA471B32A44000162725 /* DBFFileManager.m in Sources */,
				469729E81B232BD700CBA667 /* main.m in Sources */,
			);
			runOnlyForDeploymentPostprocessing = 0;
		};
		469729FA1B232BD700CBA667 /* Sources */ = {
			isa = PBXSourcesBuildPhase;
			buildActionMask = 2147483647;
			files = (
				46972A051B232BD700CBA667 /* DrunkenBugfixesTests.m in Sources */,
			);
			runOnlyForDeploymentPostprocessing = 0;
		};
/* End PBXSourcesBuildPhase section */

/* Begin PBXTargetDependency section */
		46972A001B232BD700CBA667 /* PBXTargetDependency */ = {
			isa = PBXTargetDependency;
			target = 469729E11B232BD700CBA667 /* DrunkenBugfixes */;
			targetProxy = 469729FF1B232BD700CBA667 /* PBXContainerItemProxy */;
		};
/* End PBXTargetDependency section */

/* Begin PBXVariantGroup section */
		469729F21B232BD700CBA667 /* Main.storyboard */ = {
			isa = PBXVariantGroup;
			children = (
				469729F31B232BD700CBA667 /* Base */,
			);
			name = Main.storyboard;
			sourceTree = "<group>";
		};
		469729F71B232BD700CBA667 /* LaunchScreen.xib */ = {
			isa = PBXVariantGroup;
			children = (
				469729F81B232BD700CBA667 /* Base */,
			);
			name = LaunchScreen.xib;
			sourceTree = "<group>";
		};
/* End PBXVariantGroup section */

/* Begin XCBuildConfiguration section */
		46972A061B232BD700CBA667 /* Debug */ = {
			isa = XCBuildConfiguration;
			buildSettings = {
				ALWAYS_SEARCH_USER_PATHS = NO;
				CLANG_CXX_LANGUAGE_STANDARD = "gnu++0x";
				CLANG_CXX_LIBRARY = "libc++";
				CLANG_ENABLE_MODULES = YES;
				CLANG_ENABLE_OBJC_ARC = YES;
				CLANG_WARN_BOOL_CONVERSION = YES;
				CLANG_WARN_CONSTANT_CONVERSION = YES;
				CLANG_WARN_DIRECT_OBJC_ISA_USAGE = YES_ERROR;
				CLANG_WARN_EMPTY_BODY = YES;
				CLANG_WARN_ENUM_CONVERSION = YES;
				CLANG_WARN_INT_CONVERSION = YES;
				CLANG_WARN_OBJC_ROOT_CLASS = YES_ERROR;
				CLANG_WARN_UNREACHABLE_CODE = YES;
				CLANG_WARN__DUPLICATE_METHOD_MATCH = YES;
				"CODE_SIGN_IDENTITY[sdk=iphoneos*]" = "iPhone Developer";
				COPY_PHASE_STRIP = NO;
				ENABLE_STRICT_OBJC_MSGSEND = YES;
				GCC_C_LANGUAGE_STANDARD = gnu99;
				GCC_DYNAMIC_NO_PIC = NO;
				GCC_OPTIMIZATION_LEVEL = 0;
				GCC_PREPROCESSOR_DEFINITIONS = (
					"DEBUG=1",
					"$(inherited)",
				);
				GCC_SYMBOLS_PRIVATE_EXTERN = NO;
				GCC_WARN_64_TO_32_BIT_CONVERSION = YES;
				GCC_WARN_ABOUT_RETURN_TYPE = YES_ERROR;
				GCC_WARN_UNDECLARED_SELECTOR = YES;
				GCC_WARN_UNINITIALIZED_AUTOS = YES_AGGRESSIVE;
				GCC_WARN_UNUSED_FUNCTION = YES;
				GCC_WARN_UNUSED_VARIABLE = YES;
				IPHONEOS_DEPLOYMENT_TARGET = 8.2;
				MTL_ENABLE_DEBUG_INFO = YES;
				ONLY_ACTIVE_ARCH = YES;
				SDKROOT = iphoneos;
				TARGETED_DEVICE_FAMILY = "1,2";
			};
			name = Debug;
		};
		46972A071B232BD700CBA667 /* Release */ = {
			isa = XCBuildConfiguration;
			buildSettings = {
				ALWAYS_SEARCH_USER_PATHS = NO;
				CLANG_CXX_LANGUAGE_STANDARD = "gnu++0x";
				CLANG_CXX_LIBRARY = "libc++";
				CLANG_ENABLE_MODULES = YES;
				CLANG_ENABLE_OBJC_ARC = YES;
				CLANG_WARN_BOOL_CONVERSION = YES;
				CLANG_WARN_CONSTANT_CONVERSION = YES;
				CLANG_WARN_DIRECT_OBJC_ISA_USAGE = YES_ERROR;
				CLANG_WARN_EMPTY_BODY = YES;
				CLANG_WARN_ENUM_CONVERSION = YES;
				CLANG_WARN_INT_CONVERSION = YES;
				CLANG_WARN_OBJC_ROOT_CLASS = YES_ERROR;
				CLANG_WARN_UNREACHABLE_CODE = YES;
				CLANG_WARN__DUPLICATE_METHOD_MATCH = YES;
				"CODE_SIGN_IDENTITY[sdk=iphoneos*]" = "iPhone Developer";
				COPY_PHASE_STRIP = NO;
				ENABLE_NS_ASSERTIONS = NO;
				ENABLE_STRICT_OBJC_MSGSEND = YES;
				GCC_C_LANGUAGE_STANDARD = gnu99;
				GCC_WARN_64_TO_32_BIT_CONVERSION = YES;
				GCC_WARN_ABOUT_RETURN_TYPE = YES_ERROR;
				GCC_WARN_UNDECLARED_SELECTOR = YES;
				GCC_WARN_UNINITIALIZED_AUTOS = YES_AGGRESSIVE;
				GCC_WARN_UNUSED_FUNCTION = YES;
				GCC_WARN_UNUSED_VARIABLE = YES;
				IPHONEOS_DEPLOYMENT_TARGET = 8.2;
				MTL_ENABLE_DEBUG_INFO = NO;
				SDKROOT = iphoneos;
				TARGETED_DEVICE_FAMILY = "1,2";
				VALIDATE_PRODUCT = YES;
			};
			name = Release;
		};
		46972A091B232BD700CBA667 /* Debug */ = {
			isa = XCBuildConfiguration;
			buildSettings = {
				ASSETCATALOG_COMPILER_APPICON_NAME = AppIcon;
				INFOPLIST_FILE = DrunkenBugfixes/Info.plist;
				LD_RUNPATH_SEARCH_PATHS = "$(inherited) @executable_path/Frameworks";
				PRODUCT_NAME = "$(TARGET_NAME)";
			};
			name = Debug;
		};
		46972A0A1B232BD700CBA667 /* Release */ = {
			isa = XCBuildConfiguration;
			buildSettings = {
				ASSETCATALOG_COMPILER_APPICON_NAME = AppIcon;
				INFOPLIST_FILE = DrunkenBugfixes/Info.plist;
				LD_RUNPATH_SEARCH_PATHS = "$(inherited) @executable_path/Frameworks";
				PRODUCT_NAME = "$(TARGET_NAME)";
			};
			name = Release;
		};
		46972A0C1B232BD700CBA667 /* Debug */ = {
			isa = XCBuildConfiguration;
			buildSettings = {
				BUNDLE_LOADER = "$(TEST_HOST)";
				FRAMEWORK_SEARCH_PATHS = (
					"$(SDKROOT)/Developer/Library/Frameworks",
					"$(inherited)",
				);
				GCC_PREPROCESSOR_DEFINITIONS = (
					"DEBUG=1",
					"$(inherited)",
				);
				INFOPLIST_FILE = DrunkenBugfixesTests/Info.plist;
				LD_RUNPATH_SEARCH_PATHS = "$(inherited) @executable_path/Frameworks @loader_path/Frameworks";
				PRODUCT_NAME = "$(TARGET_NAME)";
				TEST_HOST = "$(BUILT_PRODUCTS_DIR)/DrunkenBugfixes.app/DrunkenBugfixes";
			};
			name = Debug;
		};
		46972A0D1B232BD700CBA667 /* Release */ = {
			isa = XCBuildConfiguration;
			buildSettings = {
				BUNDLE_LOADER = "$(TEST_HOST)";
				FRAMEWORK_SEARCH_PATHS = (
					"$(SDKROOT)/Developer/Library/Frameworks",
					"$(inherited)",
				);
				INFOPLIST_FILE = DrunkenBugfixesTests/Info.plist;
				LD_RUNPATH_SEARCH_PATHS = "$(inherited) @executable_path/Frameworks @loader_path/Frameworks";
				PRODUCT_NAME = "$(TARGET_NAME)";
				TEST_HOST = "$(BUILT_PRODUCTS_DIR)/DrunkenBugfixes.app/DrunkenBugfixes";
			};
			name = Release;
		};
/* End XCBuildConfiguration section */

/* Begin XCConfigurationList section */
		469729DD1B232BD700CBA667 /* Build configuration list for PBXProject "DrunkenBugfixes" */ = {
			isa = XCConfigurationList;
			buildConfigurations = (
				46972A061B232BD700CBA667 /* Debug */,
				46972A071B232BD700CBA667 /* Release */,
			);
			defaultConfigurationIsVisible = 0;
			defaultConfigurationName = Release;
		};
		46972A081B232BD700CBA667 /* Build configuration list for PBXNativeTarget "DrunkenBugfixes" */ = {
			isa = XCConfigurationList;
			buildConfigurations = (
				46972A091B232BD700CBA667 /* Debug */,
				46972A0A1B232BD700CBA667 /* Release */,
			);
			defaultConfigurationIsVisible = 0;
			defaultConfigurationName = Release;
		};
		46972A0B1B232BD700CBA667 /* Build configuration list for PBXNativeTarget "DrunkenBugfixesTests" */ = {
			isa = XCConfigurationList;
			buildConfigurations = (
				46972A0C1B232BD700CBA667 /* Debug */,
				46972A0D1B232BD700CBA667 /* Release */,
			);
			defaultConfigurationIsVisible = 0;
			defaultConfigurationName = Release;
		};
/* End XCConfigurationList section */

/* Begin XCVersionGroup section */
		469729EC1B232BD700CBA667 /* DrunkenBugfixes.xcdatamodeld */ = {
			isa = XCVersionGroup;
			children = (
				469729ED1B232BD700CBA667 /* DrunkenBugfixes.xcdatamodel */,
			);
			currentVersion = 469729ED1B232BD700CBA667 /* DrunkenBugfixes.xcdatamodel */;
			path = DrunkenBugfixes.xcdatamodeld;
			sourceTree = "<group>";
			versionGroupType = wrapper.xcdatamodel;
		};
/* End XCVersionGroup section */
	};
	rootObject = 469729DA1B232BD700CBA667 /* Project object */;
}
